// !$*UTF8*$!
{
	archiveVersion = 1;
	classes = {
	};
	objectVersion = 46;
	objects = {

/* Begin PBXBuildFile section */
		DAA1CA3E1DBFAF2100A69B82 /* AppDelegate.swift in Sources */ = {isa = PBXBuildFile; fileRef = DAA1CA3D1DBFAF2100A69B82 /* AppDelegate.swift */; };
		DAA1CA401DBFAF2100A69B82 /* ViewController.swift in Sources */ = {isa = PBXBuildFile; fileRef = DAA1CA3F1DBFAF2100A69B82 /* ViewController.swift */; };
		DAA1CA431DBFAF2100A69B82 /* Main.storyboard in Resources */ = {isa = PBXBuildFile; fileRef = DAA1CA411DBFAF2100A69B82 /* Main.storyboard */; };
		DAA1CA451DBFAF2100A69B82 /* Assets.xcassets in Resources */ = {isa = PBXBuildFile; fileRef = DAA1CA441DBFAF2100A69B82 /* Assets.xcassets */; };
		DAA1CA481DBFAF2100A69B82 /* LaunchScreen.storyboard in Resources */ = {isa = PBXBuildFile; fileRef = DAA1CA461DBFAF2100A69B82 /* LaunchScreen.storyboard */; };
/* End PBXBuildFile section */

/* Begin PBXFileReference section */
		DAA1CA3A1DBFAF2100A69B82 /* CardGame.app */ = {isa = PBXFileReference; explicitFileType = wrapper.application; includeInIndex = 0; path = CardGame.app; sourceTree = BUILT_PRODUCTS_DIR; };
		DAA1CA3D1DBFAF2100A69B82 /* AppDelegate.swift */ = {isa = PBXFileReference; lastKnownFileType = sourcecode.swift; path = AppDelegate.swift; sourceTree = "<group>"; };
		DAA1CA3F1DBFAF2100A69B82 /* ViewController.swift */ = {isa = PBXFileReference; lastKnownFileType = sourcecode.swift; path = ViewController.swift; sourceTree = "<group>"; };
		DAA1CA421DBFAF2100A69B82 /* Base */ = {isa = PBXFileReference; lastKnownFileType = file.storyboard; name = Base; path = Base.lproj/Main.storyboard; sourceTree = "<group>"; };
		DAA1CA441DBFAF2100A69B82 /* Assets.xcassets */ = {isa = PBXFileReference; lastKnownFileType = folder.assetcatalog; path = Assets.xcassets; sourceTree = "<group>"; };
		DAA1CA471DBFAF2100A69B82 /* Base */ = {isa = PBXFileReference; lastKnownFileType = file.storyboard; name = Base; path = Base.lproj/LaunchScreen.storyboard; sourceTree = "<group>"; };
		DAA1CA491DBFAF2100A69B82 /* Info.plist */ = {isa = PBXFileReference; lastKnownFileType = text.plist.xml; path = Info.plist; sourceTree = "<group>"; };
/* End PBXFileReference section */

/* Begin PBXFrameworksBuildPhase section */
		DAA1CA371DBFAF2100A69B82 /* Frameworks */ = {
			isa = PBXFrameworksBuildPhase;
			buildActionMask = 2147483647;
			files = (
			);
			runOnlyForDeploymentPostprocessing = 0;
		};
/* End PBXFrameworksBuildPhase section */

/* Begin PBXGroup section */
		DAA1CA311DBFAF2100A69B82 = {
			isa = PBXGroup;
			children = (
				DAA1CA3C1DBFAF2100A69B82 /* CardGame */,
				DAA1CA3B1DBFAF2100A69B82 /* Products */,
			);
			sourceTree = "<group>";
		};
		DAA1CA3B1DBFAF2100A69B82 /* Products */ = {
			isa = PBXGroup;
			children = (
				DAA1CA3A1DBFAF2100A69B82 /* CardGame.app */,
			);
			name = Products;
			sourceTree = "<group>";
		};
		DAA1CA3C1DBFAF2100A69B82 /* CardGame */ = {
			isa = PBXGroup;
			children = (
				DAA1CA3D1DBFAF2100A69B82 /* AppDelegate.swift */,
				DAA1CA3F1DBFAF2100A69B82 /* ViewController.swift */,
				DAA1CA411DBFAF2100A69B82 /* Main.storyboard */,
				DAA1CA441DBFAF2100A69B82 /* Assets.xcassets */,
				DAA1CA461DBFAF2100A69B82 /* LaunchScreen.storyboard */,
				DAA1CA491DBFAF2100A69B82 /* Info.plist */,
			);
			path = CardGame;
			sourceTree = "<group>";
		};
/* End PBXGroup section */

/* Begin PBXNativeTarget section */
		DAA1CA391DBFAF2100A69B82 /* CardGame */ = {
			isa = PBXNativeTarget;
			buildConfigurationList = DAA1CA4C1DBFAF2100A69B82 /* Build configuration list for PBXNativeTarget "CardGame" */;
			buildPhases = (
				DAA1CA361DBFAF2100A69B82 /* Sources */,
				DAA1CA371DBFAF2100A69B82 /* Frameworks */,
				DAA1CA381DBFAF2100A69B82 /* Resources */,
			);
			buildRules = (
			);
			dependencies = (
			);
			name = CardGame;
			productName = CardGame;
			productReference = DAA1CA3A1DBFAF2100A69B82 /* CardGame.app */;
			productType = "com.apple.product-type.application";
		};
/* End PBXNativeTarget section */

/* Begin PBXProject section */
		DAA1CA321DBFAF2100A69B82 /* Project object */ = {
			isa = PBXProject;
			attributes = {
				LastSwiftUpdateCheck = 0720;
				LastUpgradeCheck = 0720;
				ORGANIZATIONNAME = "CTECH SWIFT";
				TargetAttributes = {
					DAA1CA391DBFAF2100A69B82 = {
						CreatedOnToolsVersion = 7.2;
					};
				};
			};
			buildConfigurationList = DAA1CA351DBFAF2100A69B82 /* Build configuration list for PBXProject "CardGame" */;
			compatibilityVersion = "Xcode 3.2";
			developmentRegion = English;
			hasScannedForEncodings = 0;
			knownRegions = (
				en,
				Base,
			);
			mainGroup = DAA1CA311DBFAF2100A69B82;
			productRefGroup = DAA1CA3B1DBFAF2100A69B82 /* Products */;
			projectDirPath = "";
			projectRoot = "";
			targets = (
				DAA1CA391DBFAF2100A69B82 /* CardGame */,
			);
		};
/* End PBXProject section */

/* Begin PBXResourcesBuildPhase section */
		DAA1CA381DBFAF2100A69B82 /* Resources */ = {
			isa = PBXResourcesBuildPhase;
			buildActionMask = 2147483647;
			files = (
				DAA1CA481DBFAF2100A69B82 /* LaunchScreen.storyboard in Resources */,
				DAA1CA451DBFAF2100A69B82 /* Assets.xcassets in Resources */,
				DAA1CA431DBFAF2100A69B82 /* Main.storyboard in Resources */,
			);
			runOnlyForDeploymentPostprocessing = 0;
		};
/* End PBXResourcesBuildPhase section */

/* Begin PBXSourcesBuildPhase section */
		DAA1CA361DBFAF2100A69B82 /* Sources */ = {
			isa = PBXSourcesBuildPhase;
			buildActionMask = 2147483647;
			files = (
				DAA1CA401DBFAF2100A69B82 /* ViewController.swift in Sources */,
				DAA1CA3E1DBFAF2100A69B82 /* AppDelegate.swift in Sources */,
			);
			runOnlyForDeploymentPostprocessing = 0;
		};
/* End PBXSourcesBuildPhase section */

/* Begin PBXVariantGroup section */
		DAA1CA411DBFAF2100A69B82 /* Main.storyboard */ = {
			isa = PBXVariantGroup;
			children = (
				DAA1CA421DBFAF2100A69B82 /* Base */,
			);
			name = Main.storyboard;
			sourceTree = "<group>";
		};
		DAA1CA461DBFAF2100A69B82 /* LaunchScreen.storyboard */ = {
			isa = PBXVariantGroup;
			children = (
				DAA1CA471DBFAF2100A69B82 /* Base */,
			);
			name = LaunchScreen.storyboard;
			sourceTree = "<group>";
		};
/* End PBXVariantGroup section */

/* Begin XCBuildConfiguration section */
		DAA1CA4A1DBFAF2100A69B82 /* Debug */ = {
			isa = XCBuildConfiguration;
			buildSettings = {
				ALWAYS_SEARCH_USER_PATHS = NO;
				CLANG_CXX_LANGUAGE_STANDARD = "gnu++0x";
				CLANG_CXX_LIBRARY = "libc++";
				CLANG_ENABLE_MODULES = YES;
				CLANG_ENABLE_OBJC_ARC = YES;
				CLANG_WARN_BOOL_CONVERSION = YES;
				CLANG_WARN_CONSTANT_CONVERSION = YES;
				CLANG_WARN_DIRECT_OBJC_ISA_USAGE = YES_ERROR;
				CLANG_WARN_EMPTY_BODY = YES;
				CLANG_WARN_ENUM_CONVERSION = YES;
				CLANG_WARN_INT_CONVERSION = YES;
				CLANG_WARN_OBJC_ROOT_CLASS = YES_ERROR;
				CLANG_WARN_UNREACHABLE_CODE = YES;
				CLANG_WARN__DUPLICATE_METHOD_MATCH = YES;
				"CODE_SIGN_IDENTITY[sdk=iphoneos*]" = "iPhone Developer";
				COPY_PHASE_STRIP = NO;
				DEBUG_INFORMATION_FORMAT = dwarf;
				ENABLE_STRICT_OBJC_MSGSEND = YES;
				ENABLE_TESTABILITY = YES;
				GCC_C_LANGUAGE_STANDARD = gnu99;
				GCC_DYNAMIC_NO_PIC = NO;
				GCC_NO_COMMON_BLOCKS = YES;
				GCC_OPTIMIZATION_LEVEL = 0;
				GCC_PREPROCESSOR_DEFINITIONS = (
					"DEBUG=1",
					"$(inherited)",
				);
				GCC_WARN_64_TO_32_BIT_CONVERSION = YES;
				GCC_WARN_ABOUT_RETURN_TYPE = YES_ERROR;
				GCC_WARN_UNDECLARED_SELECTOR = YES;
				GCC_WARN_UNINITIALIZED_AUTOS = YES_AGGRESSIVE;
				GCC_WARN_UNUSED_FUNCTION = YES;
				GCC_WARN_UNUSED_VARIABLE = YES;
				IPHONEOS_DEPLOYMENT_TARGET = 9.2;
				MTL_ENABLE_DEBUG_INFO = YES;
				ONLY_ACTIVE_ARCH = YES;
				SDKROOT = iphoneos;
				SWIFT_OPTIMIZATION_LEVEL = "-Onone";
				TARGETED_DEVICE_FAMILY = "1,2";
			};
			name = Debug;
		};
		DAA1CA4B1DBFAF2100A69B82 /* Release */ = {
			isa = XCBuildConfiguration;
			buildSettings = {
				ALWAYS_SEARCH_USER_PATHS = NO;
				CLANG_CXX_LANGUAGE_STANDARD = "gnu++0x";
				CLANG_CXX_LIBRARY = "libc++";
				CLANG_ENABLE_MODULES = YES;
				CLANG_ENABLE_OBJC_ARC = YES;
				CLANG_WARN_BOOL_CONVERSION = YES;
				CLANG_WARN_CONSTANT_CONVERSION = YES;
				CLANG_WARN_DIRECT_OBJC_ISA_USAGE = YES_ERROR;
				CLANG_WARN_EMPTY_BODY = YES;
				CLANG_WARN_ENUM_CONVERSION = YES;
				CLANG_WARN_INT_CONVERSION = YES;
				CLANG_WARN_OBJC_ROOT_CLASS = YES_ERROR;
				CLANG_WARN_UNREACHABLE_CODE = YES;
				CLANG_WARN__DUPLICATE_METHOD_MATCH = YES;
				"CODE_SIGN_IDENTITY[sdk=iphoneos*]" = "iPhone Developer";
				COPY_PHASE_STRIP = NO;
				DEBUG_INFORMATION_FORMAT = "dwarf-with-dsym";
				ENABLE_NS_ASSERTIONS = NO;
				ENABLE_STRICT_OBJC_MSGSEND = YES;
				GCC_C_LANGUAGE_STANDARD = gnu99;
				GCC_NO_COMMON_BLOCKS = YES;
				GCC_WARN_64_TO_32_BIT_CONVERSION = YES;
				GCC_WARN_ABOUT_RETURN_TYPE = YES_ERROR;
				GCC_WARN_UNDECLARED_SELECTOR = YES;
				GCC_WARN_UNINITIALIZED_AUTOS = YES_AGGRESSIVE;
				GCC_WARN_UNUSED_FUNCTION = YES;
				GCC_WARN_UNUSED_VARIABLE = YES;
				IPHONEOS_DEPLOYMENT_TARGET = 9.2;
				MTL_ENABLE_DEBUG_INFO = NO;
				SDKROOT = iphoneos;
				TARGETED_DEVICE_FAMILY = "1,2";
				VALIDATE_PRODUCT = YES;
			};
			name = Release;
		};
		DAA1CA4D1DBFAF2100A69B82 /* Debug */ = {
			isa = XCBuildConfiguration;
			buildSettings = {
				ASSETCATALOG_COMPILER_APPICON_NAME = AppIcon;
				INFOPLIST_FILE = CardGame/Info.plist;
				LD_RUNPATH_SEARCH_PATHS = "$(inherited) @executable_path/Frameworks";
				PRODUCT_BUNDLE_IDENTIFIER = CTECH.CardGame;
				PRODUCT_NAME = "$(TARGET_NAME)";
			};
			name = Debug;
		};
		DAA1CA4E1DBFAF2100A69B82 /* Release */ = {
			isa = XCBuildConfiguration;
			buildSettings = {
				ASSETCATALOG_COMPILER_APPICON_NAME = AppIcon;
				INFOPLIST_FILE = CardGame/Info.plist;
				LD_RUNPATH_SEARCH_PATHS = "$(inherited) @executable_path/Frameworks";
				PRODUCT_BUNDLE_IDENTIFIER = CTECH.CardGame;
				PRODUCT_NAME = "$(TARGET_NAME)";
			};
			name = Release;
		};
/* End XCBuildConfiguration section */

/* Begin XCConfigurationList section */
		DAA1CA351DBFAF2100A69B82 /* Build configuration list for PBXProject "CardGame" */ = {
			isa = XCConfigurationList;
			buildConfigurations = (
				DAA1CA4A1DBFAF2100A69B82 /* Debug */,
				DAA1CA4B1DBFAF2100A69B82 /* Release */,
			);
			defaultConfigurationIsVisible = 0;
			defaultConfigurationName = Release;
		};
		DAA1CA4C1DBFAF2100A69B82 /* Build configuration list for PBXNativeTarget "CardGame" */ = {
			isa = XCConfigurationList;
			buildConfigurations = (
				DAA1CA4D1DBFAF2100A69B82 /* Debug */,
				DAA1CA4E1DBFAF2100A69B82 /* Release */,
			);
			defaultConfigurationIsVisible = 0;
		};
/* End XCConfigurationList section */
	};
	rootObject = DAA1CA321DBFAF2100A69B82 /* Project object */;
}
